
Microsoft Visual Studio Solution File, Format Version 12.00
# Visual Studio 15
VisualStudioVersion = 15.0.28307.960
MinimumVisualStudioVersion = 10.0.40219.1
Project("{FAE04EC0-301F-11D3-BF4B-00C04F79EFBC}") = "Starbucks", "Starbucks\Starbucks.csproj", "{93ECC514-998A-4732-821F-0785DF42CB57}"
EndProject
Global
	GlobalSection(SolutionConfigurationPlatforms) = preSolution
		Debug|Any CPU = Debug|Any CPU
		Release|Any CPU = Release|Any CPU
	EndGlobalSection
	GlobalSection(ProjectConfigurationPlatforms) = postSolution
		{93ECC514-998A-4732-821F-0785DF42CB57}.Debug|Any CPU.ActiveCfg = Debug|Any CPU
		{93ECC514-998A-4732-821F-0785DF42CB57}.Debug|Any CPU.Build.0 = Debug|Any CPU
		{93ECC514-998A-4732-821F-0785DF42CB57}.Release|Any CPU.ActiveCfg = Release|Any CPU
		{93ECC514-998A-4732-821F-0785DF42CB57}.Release|Any CPU.Build.0 = Release|Any CPU
	EndGlobalSection
	GlobalSection(SolutionProperties) = preSolution
		HideSolutionNode = FALSE
	EndGlobalSection
	GlobalSection(ExtensibilityGlobals) = postSolution
		SolutionGuid = {3522128E-B7BC-4FC6-BD2F-3068651ABA22}
	EndGlobalSection
EndGlobal
